
Microsoft Visual Studio Solution File, Format Version 12.00
# Visual Studio Version 17
VisualStudioVersion = 17.14.37301.10 d17.14
MinimumVisualStudioVersion = 10.0.40219.1
Project("{FAE04EC0-301F-11D3-BF4B-00C04F79EFBC}") = "EcoRewards", "EcoRewards.csproj", "{4150CF9C-4697-4BCD-A7CF-56C5AC6A06E8}"
EndProject
Global
	GlobalSection(SolutionConfigurationPlatforms) = preSolution
		Debug|Any CPU = Debug|Any CPU
		Release|Any CPU = Release|Any CPU
	EndGlobalSection
	GlobalSection(ProjectConfigurationPlatforms) = postSolution
		{4150CF9C-4697-4BCD-A7CF-56C5AC6A06E8}.Debug|Any CPU.ActiveCfg = Debug|Any CPU
		{4150CF9C-4697-4BCD-A7CF-56C5AC6A06E8}.Debug|Any CPU.Build.0 = Debug|Any CPU
		{4150CF9C-4697-4BCD-A7CF-56C5AC6A06E8}.Release|Any CPU.ActiveCfg = Release|Any CPU
		{4150CF9C-4697-4BCD-A7CF-56C5AC6A06E8}.Release|Any CPU.Build.0 = Release|Any CPU
	EndGlobalSection
	GlobalSection(SolutionProperties) = preSolution
		HideSolutionNode = FALSE
	EndGlobalSection
	GlobalSection(ExtensibilityGlobals) = postSolution
		SolutionGuid = {9CF045E5-89F0-4234-B289-EAC35EFB7FBD}
	EndGlobalSection
EndGlobal
